Microsoft Visual Studio Solution File, Format Version 12.00
# Visual Studio Version 17
VisualStudioVersion = 17.5.2.0
MinimumVisualStudioVersion = 10.0.40219.1
Project("{2150E333-8FDC-42A3-9474-1A3956D46DE8}") = "Ejercicio1", "Ejercicio1", "{BE104D06-EF53-FCCF-F846-DCFEF7961B00}"
EndProject
Project("{2150E333-8FDC-42A3-9474-1A3956D46DE8}") = "Ejercicio2", "Ejercicio2", "{86A54B53-1C61-2F84-1330-AAD0DE506449}"
EndProject
Project("{2150E333-8FDC-42A3-9474-1A3956D46DE8}") = "Ejercicio3", "Ejercicio3", "{242D08C5-072F-EA33-3BD5-A7DE6DC38FEC}"
EndProject
Project("{FAE04EC0-301F-11D3-BF4B-00C04F79EFBC}") = "Tarea1", "Ejercicio1\Tarea1\Tarea1.csproj", "{1C01268D-F5A4-01A5-9FFE-D7903FB73DE8}"
EndProject
Project("{FAE04EC0-301F-11D3-BF4B-00C04F79EFBC}") = "Tarea2", "Ejercicio1\Tarea2\Tarea2.csproj", "{F6F196B7-C436-30EA-CC55-43147855A686}"
EndProject
Project("{FAE04EC0-301F-11D3-BF4B-00C04F79EFBC}") = "Tarea3", "Ejercicio1\Tarea3\Tarea3.csproj", "{C62AEC77-2FFF-E05B-9B79-7DD671B6DDBE}"
EndProject
Project("{FAE04EC0-301F-11D3-BF4B-00C04F79EFBC}") = "Tarea1", "Ejercicio2\Tarea1\Tarea1.csproj", "{FBD786FC-30EF-5AC6-D41D-8E34AF999DD8}"
EndProject
Project("{FAE04EC0-301F-11D3-BF4B-00C04F79EFBC}") = "Tarea2", "Ejercicio2\Tarea2\Tarea2.csproj", "{92999F14-30FE-D533-9ECD-51B23C7219F8}"
EndProject
Project("{FAE04EC0-301F-11D3-BF4B-00C04F79EFBC}") = "Tarea3", "Ejercicio2\Tarea3\Tarea3.csproj", "{12169A23-D31C-ECA9-0BCC-8447376DE06A}"
EndProject
Project("{FAE04EC0-301F-11D3-BF4B-00C04F79EFBC}") = "Tarea4", "Ejercicio2\Tarea4\Tarea4.csproj", "{BB50731C-28FE-3474-DF28-651DB8AEA8B2}"
EndProject
Project("{FAE04EC0-301F-11D3-BF4B-00C04F79EFBC}") = "Tarea5", "Ejercicio2\Tarea5\Tarea5.csproj", "{E6B8EC05-5D5E-D516-6AE5-99DC5F886260}"
EndProject
Project("{FAE04EC0-301F-11D3-BF4B-00C04F79EFBC}") = "Tarea1", "Ejercicio3\Tarea1\Tarea1.csproj", "{13B7FA05-7B7B-42B9-D5FF-5A0711E0947A}"
EndProject
Project("{FAE04EC0-301F-11D3-BF4B-00C04F79EFBC}") = "Models", "Models\Models.csproj", "{73AEE531-0360-4D0F-A3CD-7DB58B31F199}"
EndProject
Global
	GlobalSection(SolutionConfigurationPlatforms) = preSolution
		Debug|Any CPU = Debug|Any CPU
		Release|Any CPU = Release|Any CPU
	EndGlobalSection
	GlobalSection(ProjectConfigurationPlatforms) = postSolution
		{1C01268D-F5A4-01A5-9FFE-D7903FB73DE8}.Debug|Any CPU.ActiveCfg = Debug|Any CPU
		{1C01268D-F5A4-01A5-9FFE-D7903FB73DE8}.Debug|Any CPU.Build.0 = Debug|Any CPU
		{1C01268D-F5A4-01A5-9FFE-D7903FB73DE8}.Release|Any CPU.ActiveCfg = Release|Any CPU
		{1C01268D-F5A4-01A5-9FFE-D7903FB73DE8}.Release|Any CPU.Build.0 = Release|Any CPU
		{F6F196B7-C436-30EA-CC55-43147855A686}.Debug|Any CPU.ActiveCfg = Debug|Any CPU
		{F6F196B7-C436-30EA-CC55-43147855A686}.Debug|Any CPU.Build.0 = Debug|Any CPU
		{F6F196B7-C436-30EA-CC55-43147855A686}.Release|Any CPU.ActiveCfg = Release|Any CPU
		{F6F196B7-C436-30EA-CC55-43147855A686}.Release|Any CPU.Build.0 = Release|Any CPU
		{C62AEC77-2FFF-E05B-9B79-7DD671B6DDBE}.Debug|Any CPU.ActiveCfg = Debug|Any CPU
		{C62AEC77-2FFF-E05B-9B79-7DD671B6DDBE}.Debug|Any CPU.Build.0 = Debug|Any CPU
		{C62AEC77-2FFF-E05B-9B79-7DD671B6DDBE}.Release|Any CPU.ActiveCfg = Release|Any CPU
		{C62AEC77-2FFF-E05B-9B79-7DD671B6DDBE}.Release|Any CPU.Build.0 = Release|Any CPU
		{FBD786FC-30EF-5AC6-D41D-8E34AF999DD8}.Debug|Any CPU.ActiveCfg = Debug|Any CPU
		{FBD786FC-30EF-5AC6-D41D-8E34AF999DD8}.Debug|Any CPU.Build.0 = Debug|Any CPU
		{FBD786FC-30EF-5AC6-D41D-8E34AF999DD8}.Release|Any CPU.ActiveCfg = Release|Any CPU
		{FBD786FC-30EF-5AC6-D41D-8E34AF999DD8}.Release|Any CPU.Build.0 = Release|Any CPU
		{92999F14-30FE-D533-9ECD-51B23C7219F8}.Debug|Any CPU.ActiveCfg = Debug|Any CPU
		{92999F14-30FE-D533-9ECD-51B23C7219F8}.Debug|Any CPU.Build.0 = Debug|Any CPU
		{92999F14-30FE-D533-9ECD-51B23C7219F8}.Release|Any CPU.ActiveCfg = Release|Any CPU
		{92999F14-30FE-D533-9ECD-51B23C7219F8}.Release|Any CPU.Build.0 = Release|Any CPU
		{12169A23-D31C-ECA9-0BCC-8447376DE06A}.Debug|Any CPU.ActiveCfg = Debug|Any CPU
		{12169A23-D31C-ECA9-0BCC-8447376DE06A}.Debug|Any CPU.Build.0 = Debug|Any CPU
		{12169A23-D31C-ECA9-0BCC-8447376DE06A}.Release|Any CPU.ActiveCfg = Release|Any CPU
		{12169A23-D31C-ECA9-0BCC-8447376DE06A}.Release|Any CPU.Build.0 = Release|Any CPU
		{BB50731C-28FE-3474-DF28-651DB8AEA8B2}.Debug|Any CPU.ActiveCfg = Debug|Any CPU
		{BB50731C-28FE-3474-DF28-651DB8AEA8B2}.Debug|Any CPU.Build.0 = Debug|Any CPU
		{BB50731C-28FE-3474-DF28-651DB8AEA8B2}.Release|Any CPU.ActiveCfg = Release|Any CPU
		{BB50731C-28FE-3474-DF28-651DB8AEA8B2}.Release|Any CPU.Build.0 = Release|Any CPU
		{E6B8EC05-5D5E-D516-6AE5-99DC5F886260}.Debug|Any CPU.ActiveCfg = Debug|Any CPU
		{E6B8EC05-5D5E-D516-6AE5-99DC5F886260}.Debug|Any CPU.Build.0 = Debug|Any CPU
		{E6B8EC05-5D5E-D516-6AE5-99DC5F886260}.Release|Any CPU.ActiveCfg = Release|Any CPU
		{E6B8EC05-5D5E-D516-6AE5-99DC5F886260}.Release|Any CPU.Build.0 = Release|Any CPU
		{13B7FA05-7B7B-42B9-D5FF-5A0711E0947A}.Debug|Any CPU.ActiveCfg = Debug|Any CPU
		{13B7FA05-7B7B-42B9-D5FF-5A0711E0947A}.Debug|Any CPU.Build.0 = Debug|Any CPU
		{13B7FA05-7B7B-42B9-D5FF-5A0711E0947A}.Release|Any CPU.ActiveCfg = Release|Any CPU
		{13B7FA05-7B7B-42B9-D5FF-5A0711E0947A}.Release|Any CPU.Build.0 = Release|Any CPU
		{73AEE531-0360-4D0F-A3CD-7DB58B31F199}.Debug|Any CPU.ActiveCfg = Debug|Any CPU
		{73AEE531-0360-4D0F-A3CD-7DB58B31F199}.Debug|Any CPU.Build.0 = Debug|Any CPU
		{73AEE531-0360-4D0F-A3CD-7DB58B31F199}.Release|Any CPU.ActiveCfg = Release|Any CPU
		{73AEE531-0360-4D0F-A3CD-7DB58B31F199}.Release|Any CPU.Build.0 = Release|Any CPU
	EndGlobalSection
	GlobalSection(SolutionProperties) = preSolution
		HideSolutionNode = FALSE
	EndGlobalSection
	GlobalSection(NestedProjects) = preSolution
		{1C01268D-F5A4-01A5-9FFE-D7903FB73DE8} = {BE104D06-EF53-FCCF-F846-DCFEF7961B00}
		{F6F196B7-C436-30EA-CC55-43147855A686} = {BE104D06-EF53-FCCF-F846-DCFEF7961B00}
		{C62AEC77-2FFF-E05B-9B79-7DD671B6DDBE} = {BE104D06-EF53-FCCF-F846-DCFEF7961B00}
		{FBD786FC-30EF-5AC6-D41D-8E34AF999DD8} = {86A54B53-1C61-2F84-1330-AAD0DE506449}
		{92999F14-30FE-D533-9ECD-51B23C7219F8} = {86A54B53-1C61-2F84-1330-AAD0DE506449}
		{12169A23-D31C-ECA9-0BCC-8447376DE06A} = {86A54B53-1C61-2F84-1330-AAD0DE506449}
		{BB50731C-28FE-3474-DF28-651DB8AEA8B2} = {86A54B53-1C61-2F84-1330-AAD0DE506449}
		{E6B8EC05-5D5E-D516-6AE5-99DC5F886260} = {86A54B53-1C61-2F84-1330-AAD0DE506449}
		{13B7FA05-7B7B-42B9-D5FF-5A0711E0947A} = {242D08C5-072F-EA33-3BD5-A7DE6DC38FEC}
	EndGlobalSection
	GlobalSection(ExtensibilityGlobals) = postSolution
		SolutionGuid = {61946797-A66C-47E5-A376-16429CB460B5}
	EndGlobalSection
EndGlobal
