
Microsoft Visual Studio Solution File, Format Version 12.00
# Visual Studio Version 17
VisualStudioVersion = 17.0.31903.59
MinimumVisualStudioVersion = 10.0.40219.1
Project("{FAE04EC0-301F-11D3-BF4B-00C04F79EFBC}") = "hospital", "hospital\hospital.csproj", "{B2CF1520-1B71-4FA0-9CDD-960AF7A480C2}"
EndProject
Project("{2150E333-8FDC-42A3-9474-1A3956D46DE8}") = "Ejercicio1", "Ejercicio1", "{C7563ABF-8ED4-47FF-9A82-1B438FA1208D}"
EndProject
Project("{FAE04EC0-301F-11D3-BF4B-00C04F79EFBC}") = "Tarea1", "Ejercicio1\Tarea1\Tarea1.csproj", "{D0801D55-B94F-48D9-AC59-B42D91CD42D9}"
EndProject
Project("{FAE04EC0-301F-11D3-BF4B-00C04F79EFBC}") = "Tarea2", "Ejercicio1\Tarea2\Tarea2.csproj", "{09AB97EF-AF33-47A6-9250-B5EB2FBC5926}"
EndProject
Project("{FAE04EC0-301F-11D3-BF4B-00C04F79EFBC}") = "Tarea3", "Ejercicio1\Tarea3\Tarea3.csproj", "{813DE345-8015-47BE-884C-0CF4B9379A56}"
EndProject
Project("{2150E333-8FDC-42A3-9474-1A3956D46DE8}") = "Ejercicio2", "Ejercicio2", "{C3AF51A7-1E61-4EE0-ADF6-8C92D59B9201}"
EndProject
Project("{FAE04EC0-301F-11D3-BF4B-00C04F79EFBC}") = "Tarea1", "Ejercicio2\Tarea1\Tarea1.csproj", "{893C5450-35DA-4A5A-A74E-E2E061C37963}"
EndProject
Project("{FAE04EC0-301F-11D3-BF4B-00C04F79EFBC}") = "Tarea2", "Ejercicio2\Tarea2\Tarea2.csproj", "{41B94378-BD4A-41AB-B0DA-C094A623AFF3}"
EndProject
Project("{FAE04EC0-301F-11D3-BF4B-00C04F79EFBC}") = "Tarea3", "Ejercicio2\Tarea3\Tarea3.csproj", "{9A791199-22F6-4E17-AA06-AB1D755AAC28}"
EndProject
Project("{FAE04EC0-301F-11D3-BF4B-00C04F79EFBC}") = "Tarea4", "Ejercicio2\Tarea4\Tarea4.csproj", "{92CF67B0-4682-4C2B-AD0B-5BE2322A85F5}"
EndProject
Project("{FAE04EC0-301F-11D3-BF4B-00C04F79EFBC}") = "Tarea5", "Ejercicio2\Tarea5\Tarea5.csproj", "{5F6CF7BD-10CF-4D63-A9E0-4BAA4981153F}"
EndProject
Project("{2150E333-8FDC-42A3-9474-1A3956D46DE8}") = "Ejercicio3", "Ejercicio3", "{DE4E08EB-4F96-4392-8D31-682BED1C93A0}"
EndProject
Project("{FAE04EC0-301F-11D3-BF4B-00C04F79EFBC}") = "Tarea1", "Ejercicio3\Tarea1\Tarea1.csproj", "{CF270746-87F0-4D5D-8B1A-525937E23805}"
EndProject
Global
	GlobalSection(SolutionConfigurationPlatforms) = preSolution
		Debug|Any CPU = Debug|Any CPU
		Release|Any CPU = Release|Any CPU
	EndGlobalSection
	GlobalSection(SolutionProperties) = preSolution
		HideSolutionNode = FALSE
	EndGlobalSection
	GlobalSection(ProjectConfigurationPlatforms) = postSolution
		{B2CF1520-1B71-4FA0-9CDD-960AF7A480C2}.Debug|Any CPU.ActiveCfg = Debug|Any CPU
		{B2CF1520-1B71-4FA0-9CDD-960AF7A480C2}.Debug|Any CPU.Build.0 = Debug|Any CPU
		{B2CF1520-1B71-4FA0-9CDD-960AF7A480C2}.Release|Any CPU.ActiveCfg = Release|Any CPU
		{B2CF1520-1B71-4FA0-9CDD-960AF7A480C2}.Release|Any CPU.Build.0 = Release|Any CPU
		{D0801D55-B94F-48D9-AC59-B42D91CD42D9}.Debug|Any CPU.ActiveCfg = Debug|Any CPU
		{D0801D55-B94F-48D9-AC59-B42D91CD42D9}.Debug|Any CPU.Build.0 = Debug|Any CPU
		{D0801D55-B94F-48D9-AC59-B42D91CD42D9}.Release|Any CPU.ActiveCfg = Release|Any CPU
		{D0801D55-B94F-48D9-AC59-B42D91CD42D9}.Release|Any CPU.Build.0 = Release|Any CPU
		{09AB97EF-AF33-47A6-9250-B5EB2FBC5926}.Debug|Any CPU.ActiveCfg = Debug|Any CPU
		{09AB97EF-AF33-47A6-9250-B5EB2FBC5926}.Debug|Any CPU.Build.0 = Debug|Any CPU
		{09AB97EF-AF33-47A6-9250-B5EB2FBC5926}.Release|Any CPU.ActiveCfg = Release|Any CPU
		{09AB97EF-AF33-47A6-9250-B5EB2FBC5926}.Release|Any CPU.Build.0 = Release|Any CPU
		{813DE345-8015-47BE-884C-0CF4B9379A56}.Debug|Any CPU.ActiveCfg = Debug|Any CPU
		{813DE345-8015-47BE-884C-0CF4B9379A56}.Debug|Any CPU.Build.0 = Debug|Any CPU
		{813DE345-8015-47BE-884C-0CF4B9379A56}.Release|Any CPU.ActiveCfg = Release|Any CPU
		{813DE345-8015-47BE-884C-0CF4B9379A56}.Release|Any CPU.Build.0 = Release|Any CPU
		{893C5450-35DA-4A5A-A74E-E2E061C37963}.Debug|Any CPU.ActiveCfg = Debug|Any CPU
		{893C5450-35DA-4A5A-A74E-E2E061C37963}.Debug|Any CPU.Build.0 = Debug|Any CPU
		{893C5450-35DA-4A5A-A74E-E2E061C37963}.Release|Any CPU.ActiveCfg = Release|Any CPU
		{893C5450-35DA-4A5A-A74E-E2E061C37963}.Release|Any CPU.Build.0 = Release|Any CPU
		{41B94378-BD4A-41AB-B0DA-C094A623AFF3}.Debug|Any CPU.ActiveCfg = Debug|Any CPU
		{41B94378-BD4A-41AB-B0DA-C094A623AFF3}.Debug|Any CPU.Build.0 = Debug|Any CPU
		{41B94378-BD4A-41AB-B0DA-C094A623AFF3}.Release|Any CPU.ActiveCfg = Release|Any CPU
		{41B94378-BD4A-41AB-B0DA-C094A623AFF3}.Release|Any CPU.Build.0 = Release|Any CPU
		{9A791199-22F6-4E17-AA06-AB1D755AAC28}.Debug|Any CPU.ActiveCfg = Debug|Any CPU
		{9A791199-22F6-4E17-AA06-AB1D755AAC28}.Debug|Any CPU.Build.0 = Debug|Any CPU
		{9A791199-22F6-4E17-AA06-AB1D755AAC28}.Release|Any CPU.ActiveCfg = Release|Any CPU
		{9A791199-22F6-4E17-AA06-AB1D755AAC28}.Release|Any CPU.Build.0 = Release|Any CPU
		{92CF67B0-4682-4C2B-AD0B-5BE2322A85F5}.Debug|Any CPU.ActiveCfg = Debug|Any CPU
		{92CF67B0-4682-4C2B-AD0B-5BE2322A85F5}.Debug|Any CPU.Build.0 = Debug|Any CPU
		{92CF67B0-4682-4C2B-AD0B-5BE2322A85F5}.Release|Any CPU.ActiveCfg = Release|Any CPU
		{92CF67B0-4682-4C2B-AD0B-5BE2322A85F5}.Release|Any CPU.Build.0 = Release|Any CPU
		{5F6CF7BD-10CF-4D63-A9E0-4BAA4981153F}.Debug|Any CPU.ActiveCfg = Debug|Any CPU
		{5F6CF7BD-10CF-4D63-A9E0-4BAA4981153F}.Debug|Any CPU.Build.0 = Debug|Any CPU
		{5F6CF7BD-10CF-4D63-A9E0-4BAA4981153F}.Release|Any CPU.ActiveCfg = Release|Any CPU
		{5F6CF7BD-10CF-4D63-A9E0-4BAA4981153F}.Release|Any CPU.Build.0 = Release|Any CPU
		{CF270746-87F0-4D5D-8B1A-525937E23805}.Debug|Any CPU.ActiveCfg = Debug|Any CPU
		{CF270746-87F0-4D5D-8B1A-525937E23805}.Debug|Any CPU.Build.0 = Debug|Any CPU
		{CF270746-87F0-4D5D-8B1A-525937E23805}.Release|Any CPU.ActiveCfg = Release|Any CPU
		{CF270746-87F0-4D5D-8B1A-525937E23805}.Release|Any CPU.Build.0 = Release|Any CPU
	EndGlobalSection
	GlobalSection(NestedProjects) = preSolution
		{D0801D55-B94F-48D9-AC59-B42D91CD42D9} = {C7563ABF-8ED4-47FF-9A82-1B438FA1208D}
		{09AB97EF-AF33-47A6-9250-B5EB2FBC5926} = {C7563ABF-8ED4-47FF-9A82-1B438FA1208D}
		{813DE345-8015-47BE-884C-0CF4B9379A56} = {C7563ABF-8ED4-47FF-9A82-1B438FA1208D}
		{893C5450-35DA-4A5A-A74E-E2E061C37963} = {C3AF51A7-1E61-4EE0-ADF6-8C92D59B9201}
		{41B94378-BD4A-41AB-B0DA-C094A623AFF3} = {C3AF51A7-1E61-4EE0-ADF6-8C92D59B9201}
		{9A791199-22F6-4E17-AA06-AB1D755AAC28} = {C3AF51A7-1E61-4EE0-ADF6-8C92D59B9201}
		{92CF67B0-4682-4C2B-AD0B-5BE2322A85F5} = {C3AF51A7-1E61-4EE0-ADF6-8C92D59B9201}
		{5F6CF7BD-10CF-4D63-A9E0-4BAA4981153F} = {C3AF51A7-1E61-4EE0-ADF6-8C92D59B9201}
		{CF270746-87F0-4D5D-8B1A-525937E23805} = {DE4E08EB-4F96-4392-8D31-682BED1C93A0}
	EndGlobalSection
EndGlobal
